
Microsoft Visual Studio Solution File, Format Version 12.00
# Visual Studio Version 16
VisualStudioVersion = 16.0.29613.14
MinimumVisualStudioVersion = 10.0.40219.1
Project("{9A19103F-16F7-4668-BE54-9A1E7A4F7556}") = "Photoboom", "Photoboom\Photoboom.csproj", "{87F90F73-3E09-4714-B8DB-66C4C7C59F4F}"
EndProject
Global
	GlobalSection(SolutionConfigurationPlatforms) = preSolution
		Debug|Any CPU = Debug|Any CPU
		Release|Any CPU = Release|Any CPU
	EndGlobalSection
	GlobalSection(ProjectConfigurationPlatforms) = postSolution
		{87F90F73-3E09-4714-B8DB-66C4C7C59F4F}.Debug|Any CPU.ActiveCfg = Debug|Any CPU
		{87F90F73-3E09-4714-B8DB-66C4C7C59F4F}.Debug|Any CPU.Build.0 = Debug|Any CPU
		{87F90F73-3E09-4714-B8DB-66C4C7C59F4F}.Release|Any CPU.ActiveCfg = Release|Any CPU
		{87F90F73-3E09-4714-B8DB-66C4C7C59F4F}.Release|Any CPU.Build.0 = Release|Any CPU
	EndGlobalSection
	GlobalSection(SolutionProperties) = preSolution
		HideSolutionNode = FALSE
	EndGlobalSection
	GlobalSection(ExtensibilityGlobals) = postSolution
		SolutionGuid = {914A5C76-3497-4BCA-AC52-207E82D4A93D}
	EndGlobalSection
EndGlobal
